<?xml version="1.0" encoding="utf-8"?>
<Project ToolsVersion="4.0" xmlns="http://schemas.microsoft.com/developer/msbuild/2003">
  <ItemGroup>
    <Filter Include="Test Base">
      <UniqueIdentifier>{546b8f29-81f2-4c94-ad16-043c112d1369}</UniqueIdentifier>
    </Filter>
    <Filter Include="ObjectHierarchyTest">
      <UniqueIdentifier>{217ad6d9-985e-4a3a-8f3b-632ffa113b69}</UniqueIdentifier>
    </Filter>
  </ItemGroup>
  <ItemGroup>
    <ClCompile Include="main.cpp">
      <Filter>Test Base</Filter>
    </ClCompile>
    <ClCompile Include="ObjectHierarchyTests.cpp">
      <Filter>ObjectHierarchyTest</Filter>
    </ClCompile>
  </ItemGroup>
  <ItemGroup>
    <ClInclude Include="TestUnit.h">
      <Filter>Test Base</Filter>
    </ClInclude>
    <ClInclude Include="Test.h">
      <Filter>Test Base</Filter>
    </ClInclude>
    <ClInclude Include="ObjectHierarchyUnit.h">
      <Filter>ObjectHierarchyTest</Filter>
    </ClInclude>
    <ClInclude Include="ObjectHierarchyTests.h">
      <Filter>ObjectHierarchyTest</Filter>
    </ClInclude>
  </ItemGroup>
</Project>