
Microsoft Visual Studio Solution File, Format Version 11.00
# Visual Studio 2010
Project("{8BC9CEB8-8B4A-11D0-8D11-00A0C91BC942}") = "Core DLL", "DLL\Core DLL.vcxproj", "{2E635852-8B98-4F8E-B714-7F55FD53990D}"
EndProject
Project("{8BC9CEB8-8B4A-11D0-8D11-00A0C91BC942}") = "Static Lib", "Static Lib\Static Lib.vcxproj", "{67B40E99-E55A-4658-8A77-2FC433430829}"
EndProject
Global
	GlobalSection(SolutionConfigurationPlatforms) = preSolution
		Debug|Win32 = Debug|Win32
		Release|Win32 = Release|Win32
	EndGlobalSection
	GlobalSection(ProjectConfigurationPlatforms) = postSolution
		{2E635852-8B98-4F8E-B714-7F55FD53990D}.Debug|Win32.ActiveCfg = Debug|Win32
		{2E635852-8B98-4F8E-B714-7F55FD53990D}.Debug|Win32.Build.0 = Debug|Win32
		{2E635852-8B98-4F8E-B714-7F55FD53990D}.Release|Win32.ActiveCfg = Release|Win32
		{2E635852-8B98-4F8E-B714-7F55FD53990D}.Release|Win32.Build.0 = Release|Win32
		{67B40E99-E55A-4658-8A77-2FC433430829}.Debug|Win32.ActiveCfg = Debug|Win32
		{67B40E99-E55A-4658-8A77-2FC433430829}.Debug|Win32.Build.0 = Debug|Win32
		{67B40E99-E55A-4658-8A77-2FC433430829}.Release|Win32.ActiveCfg = Release|Win32
		{67B40E99-E55A-4658-8A77-2FC433430829}.Release|Win32.Build.0 = Release|Win32
	EndGlobalSection
	GlobalSection(SolutionProperties) = preSolution
		HideSolutionNode = FALSE
	EndGlobalSection
EndGlobal
