<?xml version="1.0" encoding="utf-8"?>
<Project ToolsVersion="4.0" xmlns="http://schemas.microsoft.com/developer/msbuild/2003">
  <ItemGroup>
    <Filter Include="Source Files">
      <UniqueIdentifier>{4FC737F1-C7A5-4376-A066-2A32D752A2FF}</UniqueIdentifier>
      <Extensions>cpp;c;cc;cxx;def;odl;idl;hpj;bat;asm;asmx</Extensions>
    </Filter>
    <Filter Include="Header Files">
      <UniqueIdentifier>{93995380-89BD-4b04-88EB-625FBE52EBFB}</UniqueIdentifier>
      <Extensions>h;hpp;hxx;hm;inl;inc;xsd</Extensions>
    </Filter>
    <Filter Include="Resource Files">
      <UniqueIdentifier>{67DA6AB6-F800-4c08-8B7A-83BB121AAD01}</UniqueIdentifier>
      <Extensions>rc;ico;cur;bmp;dlg;rc2;rct;bin;rgs;gif;jpg;jpeg;jpe;resx;tiff;tif;png;wav;mfcribbon-ms</Extensions>
    </Filter>
    <Filter Include="Header Files\Common">
      <UniqueIdentifier>{f5ad1a2f-c7eb-461a-8808-4a18fb0c04f2}</UniqueIdentifier>
    </Filter>
    <Filter Include="Source Files\Common">
      <UniqueIdentifier>{d03ea375-200e-41ae-bb39-090c97dab7d8}</UniqueIdentifier>
    </Filter>
    <Filter Include="Libraries">
      <UniqueIdentifier>{0819f2a3-ea38-4222-88c3-cd2d228600dc}</UniqueIdentifier>
    </Filter>
  </ItemGroup>
  <ItemGroup>
    <ClInclude Include="GameEntity.h">
      <Filter>Header Files</Filter>
    </ClInclude>
    <ClInclude Include="Orienter.h">
      <Filter>Header Files</Filter>
    </ClInclude>
    <ClInclude Include="ThrusterData.h">
      <Filter>Header Files</Filter>
    </ClInclude>
    <ClInclude Include="..\..\Common\include\DeviceContext.h">
      <Filter>Header Files\Common</Filter>
    </ClInclude>
    <ClInclude Include="..\..\Common\include\ErrorHandling.h">
      <Filter>Header Files\Common</Filter>
    </ClInclude>
    <ClInclude Include="..\..\Common\include\GlobalContext.h">
      <Filter>Header Files\Common</Filter>
    </ClInclude>
    <ClInclude Include="..\..\Common\include\Paths.h">
      <Filter>Header Files\Common</Filter>
    </ClInclude>
    <ClInclude Include="..\..\Common\include\ResourceManager.h">
      <Filter>Header Files\Common</Filter>
    </ClInclude>
    <ClInclude Include="..\..\Common\include\ScreenQuad.h">
      <Filter>Header Files\Common</Filter>
    </ClInclude>
  </ItemGroup>
  <ItemGroup>
    <ClCompile Include="GameEntity.cpp">
      <Filter>Source Files</Filter>
    </ClCompile>
    <ClCompile Include="main.cpp">
      <Filter>Source Files</Filter>
    </ClCompile>
    <ClCompile Include="Orienter.cpp">
      <Filter>Source Files</Filter>
    </ClCompile>
    <ClCompile Include="..\..\Common\src\Context.cpp">
      <Filter>Source Files\Common</Filter>
    </ClCompile>
    <ClCompile Include="..\..\Common\src\ErrorHandling.cpp">
      <Filter>Source Files\Common</Filter>
    </ClCompile>
    <ClCompile Include="..\..\Common\src\ResourceManager.cpp">
      <Filter>Source Files\Common</Filter>
    </ClCompile>
  </ItemGroup>
  <ItemGroup>
    <Library Include="..\..\Bullet 2.77\lib\BulletCollision.lib">
      <Filter>Libraries</Filter>
    </Library>
    <Library Include="..\..\Bullet 2.77\lib\BulletDynamics.lib">
      <Filter>Libraries</Filter>
    </Library>
    <Library Include="..\..\Bullet 2.77\lib\BulletFileLoader.lib">
      <Filter>Libraries</Filter>
    </Library>
    <Library Include="..\..\Bullet 2.77\lib\BulletMultiThreaded.lib">
      <Filter>Libraries</Filter>
    </Library>
    <Library Include="..\..\Bullet 2.77\lib\BulletSoftBody.lib">
      <Filter>Libraries</Filter>
    </Library>
    <Library Include="..\..\Bullet 2.77\lib\BulletWorldImporter.lib">
      <Filter>Libraries</Filter>
    </Library>
    <Library Include="..\..\Bullet 2.77\lib\ConvexDecomposition.lib">
      <Filter>Libraries</Filter>
    </Library>
    <Library Include="..\..\Bullet 2.77\lib\GIMPACTUtils.lib">
      <Filter>Libraries</Filter>
    </Library>
    <Library Include="..\..\Bullet 2.77\lib\GLUI.lib">
      <Filter>Libraries</Filter>
    </Library>
    <Library Include="..\..\Bullet 2.77\lib\LinearMath.lib">
      <Filter>Libraries</Filter>
    </Library>
    <Library Include="..\..\Bullet 2.77\lib\MiniCL.lib">
      <Filter>Libraries</Filter>
    </Library>
    <Library Include="..\..\Bullet 2.77\lib\OpenGLSupport.lib">
      <Filter>Libraries</Filter>
    </Library>
  </ItemGroup>
</Project>