<?xml version="1.0" encoding="utf-8"?>
<Project ToolsVersion="4.0" xmlns="http://schemas.microsoft.com/developer/msbuild/2003">
  <ItemGroup>
    <Filter Include="Source Files">
      <UniqueIdentifier>{4FC737F1-C7A5-4376-A066-2A32D752A2FF}</UniqueIdentifier>
      <Extensions>cpp;c;cc;cxx;def;odl;idl;hpj;bat;asm;asmx</Extensions>
    </Filter>
    <Filter Include="Header Files">
      <UniqueIdentifier>{93995380-89BD-4b04-88EB-625FBE52EBFB}</UniqueIdentifier>
      <Extensions>h;hpp;hxx;hm;inl;inc;xsd</Extensions>
    </Filter>
    <Filter Include="Resource Files">
      <UniqueIdentifier>{67DA6AB6-F800-4c08-8B7A-83BB121AAD01}</UniqueIdentifier>
      <Extensions>rc;ico;cur;bmp;dlg;rc2;rct;bin;rgs;gif;jpg;jpeg;jpe;resx;tiff;tif;png;wav;mfcribbon-ms</Extensions>
    </Filter>
    <Filter Include="Header Files\Post Processing">
      <UniqueIdentifier>{8d2421ce-f5a8-4724-b11e-11b909306394}</UniqueIdentifier>
    </Filter>
    <Filter Include="Source Files\Post Processing">
      <UniqueIdentifier>{1dddda31-01bd-4de6-8a10-211ab50fbfe2}</UniqueIdentifier>
    </Filter>
    <Filter Include="Resource Files\Post Processing Shaders">
      <UniqueIdentifier>{2911af0f-e037-4510-af4a-f0d4173a3881}</UniqueIdentifier>
    </Filter>
  </ItemGroup>
  <ItemGroup>
    <ClCompile Include="main.cpp">
      <Filter>Source Files</Filter>
    </ClCompile>
    <ClCompile Include="PhongShaderManager.cpp">
      <Filter>Source Files</Filter>
    </ClCompile>
    <ClCompile Include="InvertPostProcess.cpp">
      <Filter>Source Files\Post Processing</Filter>
    </ClCompile>
    <ClCompile Include="PostProcessingManager.cpp">
      <Filter>Source Files\Post Processing</Filter>
    </ClCompile>
    <ClCompile Include="BrightPassPostProcess.cpp">
      <Filter>Source Files\Post Processing</Filter>
    </ClCompile>
    <ClCompile Include="DownSampleX4PostProcess.cpp">
      <Filter>Source Files\Post Processing</Filter>
    </ClCompile>
    <ClCompile Include="GaussianBlurHPostProcess.cpp">
      <Filter>Source Files\Post Processing</Filter>
    </ClCompile>
    <ClCompile Include="GaussianBlurBase.cpp">
      <Filter>Source Files\Post Processing</Filter>
    </ClCompile>
    <ClCompile Include="GaussianBlurVPostProcess.cpp">
      <Filter>Source Files\Post Processing</Filter>
    </ClCompile>
    <ClCompile Include="DSBloomGenerator.cpp">
      <Filter>Source Files\Post Processing</Filter>
    </ClCompile>
    <ClCompile Include="LuminanceGenerator.cpp">
      <Filter>Source Files\Post Processing</Filter>
    </ClCompile>
    <ClCompile Include="LDRBloomPostProcess.cpp">
      <Filter>Source Files\Post Processing</Filter>
    </ClCompile>
    <ClCompile Include="HDRPostProcess.cpp">
      <Filter>Source Files\Post Processing</Filter>
    </ClCompile>
    <ClCompile Include="TextureAdder.cpp">
      <Filter>Source Files\Post Processing</Filter>
    </ClCompile>
    <ClCompile Include="..\..\Common\src\ErrorHandling.cpp">
      <Filter>Source Files</Filter>
    </ClCompile>
    <ClCompile Include="..\..\Common\src\ResourceManager.cpp">
      <Filter>Source Files</Filter>
    </ClCompile>
    <ClCompile Include="..\..\Common\src\Context.cpp">
      <Filter>Source Files</Filter>
    </ClCompile>
  </ItemGroup>
  <ItemGroup>
    <ClInclude Include="PhongShaderManager.h">
      <Filter>Header Files</Filter>
    </ClInclude>
    <ClInclude Include="InvertPostProcess.h">
      <Filter>Header Files\Post Processing</Filter>
    </ClInclude>
    <ClInclude Include="IPostProcess.h">
      <Filter>Header Files\Post Processing</Filter>
    </ClInclude>
    <ClInclude Include="PostProcessingManager.h">
      <Filter>Header Files\Post Processing</Filter>
    </ClInclude>
    <ClInclude Include="ScreenQuad.h">
      <Filter>Header Files\Post Processing</Filter>
    </ClInclude>
    <ClInclude Include="BrightPassPostProcess.h">
      <Filter>Header Files\Post Processing</Filter>
    </ClInclude>
    <ClInclude Include="DownSampleX4PostProcess.h">
      <Filter>Header Files\Post Processing</Filter>
    </ClInclude>
    <ClInclude Include="GaussianBlurHPostProcess.h">
      <Filter>Header Files\Post Processing</Filter>
    </ClInclude>
    <ClInclude Include="GaussianBlurBase.h">
      <Filter>Header Files\Post Processing</Filter>
    </ClInclude>
    <ClInclude Include="GaussianBlurVPostProcess.h">
      <Filter>Header Files\Post Processing</Filter>
    </ClInclude>
    <ClInclude Include="IPostProcessHelper.h">
      <Filter>Header Files\Post Processing</Filter>
    </ClInclude>
    <ClInclude Include="DSBloomGenerator.h">
      <Filter>Header Files\Post Processing</Filter>
    </ClInclude>
    <ClInclude Include="LDRBloomPostProcess.h">
      <Filter>Header Files\Post Processing</Filter>
    </ClInclude>
    <ClInclude Include="LuminanceGenerator.h">
      <Filter>Header Files\Post Processing</Filter>
    </ClInclude>
    <ClInclude Include="HDRPostProcess.h">
      <Filter>Header Files\Post Processing</Filter>
    </ClInclude>
    <ClInclude Include="TextureAdder.h">
      <Filter>Header Files\Post Processing</Filter>
    </ClInclude>
    <ClInclude Include="Amplifier.h">
      <Filter>Header Files</Filter>
    </ClInclude>
    <ClInclude Include="..\..\Common\include\DeviceContext.h">
      <Filter>Header Files</Filter>
    </ClInclude>
    <ClInclude Include="..\..\Common\include\ErrorHandling.h">
      <Filter>Header Files</Filter>
    </ClInclude>
    <ClInclude Include="..\..\Common\include\GlobalContext.h">
      <Filter>Header Files</Filter>
    </ClInclude>
    <ClInclude Include="..\..\Common\include\Paths.h">
      <Filter>Header Files</Filter>
    </ClInclude>
    <ClInclude Include="..\..\Common\include\ResourceManager.h">
      <Filter>Header Files</Filter>
    </ClInclude>
    <ClInclude Include="..\..\Common\include\ScreenQuad.h">
      <Filter>Header Files</Filter>
    </ClInclude>
  </ItemGroup>
  <ItemGroup>
    <None Include="PostProcesses\Bloom.fx">
      <Filter>Resource Files\Post Processing Shaders</Filter>
    </None>
    <None Include="PostProcesses\Luminance.fx">
      <Filter>Resource Files\Post Processing Shaders</Filter>
    </None>
    <None Include="PostProcesses\BrightPass.fx">
      <Filter>Resource Files\Post Processing Shaders</Filter>
    </None>
    <None Include="PostProcesses\DownSampleX4.fx">
      <Filter>Resource Files\Post Processing Shaders</Filter>
    </None>
    <None Include="PostProcesses\GaussianBlur.fx">
      <Filter>Resource Files\Post Processing Shaders</Filter>
    </None>
    <None Include="PostProcesses\HDR.fx">
      <Filter>Resource Files\Post Processing Shaders</Filter>
    </None>
    <None Include="PostProcesses\Invert.fx">
      <Filter>Resource Files\Post Processing Shaders</Filter>
    </None>
    <None Include="TextureAdder.fx">
      <Filter>Resource Files\Post Processing Shaders</Filter>
    </None>
  </ItemGroup>
</Project>