
Microsoft Visual Studio Solution File, Format Version 11.00
# Visual Studio 2010
Project("{8BC9CEB8-8B4A-11D0-8D11-00A0C91BC942}") = "Shader Instancing", "Shader Instancing\Shader Instancing.vcxproj", "{DBD8DA11-2D36-4AF8-984F-A3B812EF6C4C}"
EndProject
Global
	GlobalSection(SolutionConfigurationPlatforms) = preSolution
		Debug|Win32 = Debug|Win32
		Release|Win32 = Release|Win32
	EndGlobalSection
	GlobalSection(ProjectConfigurationPlatforms) = postSolution
		{DBD8DA11-2D36-4AF8-984F-A3B812EF6C4C}.Debug|Win32.ActiveCfg = Debug|Win32
		{DBD8DA11-2D36-4AF8-984F-A3B812EF6C4C}.Debug|Win32.Build.0 = Debug|Win32
		{DBD8DA11-2D36-4AF8-984F-A3B812EF6C4C}.Release|Win32.ActiveCfg = Release|Win32
		{DBD8DA11-2D36-4AF8-984F-A3B812EF6C4C}.Release|Win32.Build.0 = Release|Win32
	EndGlobalSection
	GlobalSection(SolutionProperties) = preSolution
		HideSolutionNode = FALSE
	EndGlobalSection
EndGlobal
